// !$*UTF8*$!
{
	archiveVersion = 1;
	classes = {
	};
	objectVersion = 50;
	objects = {

/* Begin PBXBuildFile section */
		D164883925AF4AAF00BCE720 /* AppDelegate.swift in Sources */ = {isa = PBXBuildFile; fileRef = D164883825AF4AAF00BCE720 /* AppDelegate.swift */; };
		D164883B25AF4AAF00BCE720 /* SceneDelegate.swift in Sources */ = {isa = PBXBuildFile; fileRef = D164883A25AF4AAF00BCE720 /* SceneDelegate.swift */; };
		D164884025AF4AAF00BCE720 /* Main.storyboard in Resources */ = {isa = PBXBuildFile; fileRef = D164883E25AF4AAF00BCE720 /* Main.storyboard */; };
		D164884325AF4AAF00BCE720 /* Model.xcdatamodeld in Sources */ = {isa = PBXBuildFile; fileRef = D164884125AF4AAF00BCE720 /* Model.xcdatamodeld */; };
		D164884525AF4AB200BCE720 /* Assets.xcassets in Resources */ = {isa = PBXBuildFile; fileRef = D164884425AF4AB200BCE720 /* Assets.xcassets */; };
		D164884825AF4AB200BCE720 /* LaunchScreen.storyboard in Resources */ = {isa = PBXBuildFile; fileRef = D164884625AF4AB200BCE720 /* LaunchScreen.storyboard */; };
		D16FC5DA25B424F1001F1483 /* MemoData+CoreDataClass.swift in Sources */ = {isa = PBXBuildFile; fileRef = D16FC5D825B424F1001F1483 /* MemoData+CoreDataClass.swift */; };
		D16FC5DB25B424F1001F1483 /* MemoData+CoreDataProperties.swift in Sources */ = {isa = PBXBuildFile; fileRef = D16FC5D925B424F1001F1483 /* MemoData+CoreDataProperties.swift */; };
		D16FC5E125B4280F001F1483 /* CoreDataManager.swift in Sources */ = {isa = PBXBuildFile; fileRef = D16FC5E025B4280F001F1483 /* CoreDataManager.swift */; };
		D1C9006C25B2F5680030B107 /* Model.swift in Sources */ = {isa = PBXBuildFile; fileRef = D1C9006B25B2F5680030B107 /* Model.swift */; };
		D1C9006F25B2F78E0030B107 /* MemoListTableViewController.swift in Sources */ = {isa = PBXBuildFile; fileRef = D1C9006E25B2F78E0030B107 /* MemoListTableViewController.swift */; };
		D1C9007325B3166D0030B107 /* CreateMemoViewController.swift in Sources */ = {isa = PBXBuildFile; fileRef = D1C9007225B3166D0030B107 /* CreateMemoViewController.swift */; };
		D1C9007625B31C400030B107 /* DetailViewController.swift in Sources */ = {isa = PBXBuildFile; fileRef = D1C9007525B31C400030B107 /* DetailViewController.swift */; };
/* End PBXBuildFile section */

/* Begin PBXFileReference section */
		D164883525AF4AAF00BCE720 /* MemoProject.app */ = {isa = PBXFileReference; explicitFileType = wrapper.application; includeInIndex = 0; path = MemoProject.app; sourceTree = BUILT_PRODUCTS_DIR; };
		D164883825AF4AAF00BCE720 /* AppDelegate.swift */ = {isa = PBXFileReference; lastKnownFileType = sourcecode.swift; path = AppDelegate.swift; sourceTree = "<group>"; };
		D164883A25AF4AAF00BCE720 /* SceneDelegate.swift */ = {isa = PBXFileReference; lastKnownFileType = sourcecode.swift; path = SceneDelegate.swift; sourceTree = "<group>"; };
		D164883F25AF4AAF00BCE720 /* Base */ = {isa = PBXFileReference; lastKnownFileType = file.storyboard; name = Base; path = Base.lproj/Main.storyboard; sourceTree = "<group>"; };
		D164884225AF4AAF00BCE720 /* MemoProject.xcdatamodel */ = {isa = PBXFileReference; lastKnownFileType = wrapper.xcdatamodel; path = MemoProject.xcdatamodel; sourceTree = "<group>"; };
		D164884425AF4AB200BCE720 /* Assets.xcassets */ = {isa = PBXFileReference; lastKnownFileType = folder.assetcatalog; path = Assets.xcassets; sourceTree = "<group>"; };
		D164884725AF4AB200BCE720 /* Base */ = {isa = PBXFileReference; lastKnownFileType = file.storyboard; name = Base; path = Base.lproj/LaunchScreen.storyboard; sourceTree = "<group>"; };
		D164884925AF4AB200BCE720 /* Info.plist */ = {isa = PBXFileReference; lastKnownFileType = text.plist.xml; path = Info.plist; sourceTree = "<group>"; };
		D16FC5D825B424F1001F1483 /* MemoData+CoreDataClass.swift */ = {isa = PBXFileReference; lastKnownFileType = sourcecode.swift; path = "MemoData+CoreDataClass.swift"; sourceTree = "<group>"; };
		D16FC5D925B424F1001F1483 /* MemoData+CoreDataProperties.swift */ = {isa = PBXFileReference; lastKnownFileType = sourcecode.swift; path = "MemoData+CoreDataProperties.swift"; sourceTree = "<group>"; };
		D16FC5E025B4280F001F1483 /* CoreDataManager.swift */ = {isa = PBXFileReference; lastKnownFileType = sourcecode.swift; path = CoreDataManager.swift; sourceTree = "<group>"; };
		D1C9006B25B2F5680030B107 /* Model.swift */ = {isa = PBXFileReference; lastKnownFileType = sourcecode.swift; path = Model.swift; sourceTree = "<group>"; };
		D1C9006E25B2F78E0030B107 /* MemoListTableViewController.swift */ = {isa = PBXFileReference; lastKnownFileType = sourcecode.swift; path = MemoListTableViewController.swift; sourceTree = "<group>"; };
		D1C9007225B3166D0030B107 /* CreateMemoViewController.swift */ = {isa = PBXFileReference; lastKnownFileType = sourcecode.swift; path = CreateMemoViewController.swift; sourceTree = "<group>"; };
		D1C9007525B31C400030B107 /* DetailViewController.swift */ = {isa = PBXFileReference; lastKnownFileType = sourcecode.swift; path = DetailViewController.swift; sourceTree = "<group>"; };
/* End PBXFileReference section */

/* Begin PBXFrameworksBuildPhase section */
		D164883225AF4AAF00BCE720 /* Frameworks */ = {
			isa = PBXFrameworksBuildPhase;
			buildActionMask = 2147483647;
			files = (
			);
			runOnlyForDeploymentPostprocessing = 0;
		};
/* End PBXFrameworksBuildPhase section */

/* Begin PBXGroup section */
		D164882C25AF4AAF00BCE720 = {
			isa = PBXGroup;
			children = (
				D164883725AF4AAF00BCE720 /* MemoProject */,
				D164883625AF4AAF00BCE720 /* Products */,
			);
			sourceTree = "<group>";
		};
		D164883625AF4AAF00BCE720 /* Products */ = {
			isa = PBXGroup;
			children = (
				D164883525AF4AAF00BCE720 /* MemoProject.app */,
			);
			name = Products;
			sourceTree = "<group>";
		};
		D164883725AF4AAF00BCE720 /* MemoProject */ = {
			isa = PBXGroup;
			children = (
				D16FC5DE25B42519001F1483 /* MemoItem */,
				D1C9006A25B2F5420030B107 /* Model */,
				D164883825AF4AAF00BCE720 /* AppDelegate.swift */,
				D164883A25AF4AAF00BCE720 /* SceneDelegate.swift */,
				D1C9006E25B2F78E0030B107 /* MemoListTableViewController.swift */,
				D16FC5E025B4280F001F1483 /* CoreDataManager.swift */,
				D1C9007525B31C400030B107 /* DetailViewController.swift */,
				D1C9007225B3166D0030B107 /* CreateMemoViewController.swift */,
				D164883E25AF4AAF00BCE720 /* Main.storyboard */,
				D164884425AF4AB200BCE720 /* Assets.xcassets */,
				D164884625AF4AB200BCE720 /* LaunchScreen.storyboard */,
				D164884925AF4AB200BCE720 /* Info.plist */,
				D164884125AF4AAF00BCE720 /* Model.xcdatamodeld */,
			);
			path = MemoProject;
			sourceTree = "<group>";
		};
		D16FC5DE25B42519001F1483 /* MemoItem */ = {
			isa = PBXGroup;
			children = (
				D16FC5D825B424F1001F1483 /* MemoData+CoreDataClass.swift */,
				D16FC5D925B424F1001F1483 /* MemoData+CoreDataProperties.swift */,
			);
			path = MemoItem;
			sourceTree = "<group>";
		};
		D1C9006A25B2F5420030B107 /* Model */ = {
			isa = PBXGroup;
			children = (
				D1C9006B25B2F5680030B107 /* Model.swift */,
			);
			path = Model;
			sourceTree = "<group>";
		};
/* End PBXGroup section */

/* Begin PBXNativeTarget section */
		D164883425AF4AAF00BCE720 /* MemoProject */ = {
			isa = PBXNativeTarget;
			buildConfigurationList = D164884C25AF4AB200BCE720 /* Build configuration list for PBXNativeTarget "MemoProject" */;
			buildPhases = (
				D164883125AF4AAF00BCE720 /* Sources */,
				D164883225AF4AAF00BCE720 /* Frameworks */,
				D164883325AF4AAF00BCE720 /* Resources */,
			);
			buildRules = (
			);
			dependencies = (
			);
			name = MemoProject;
			productName = MemoProject;
			productReference = D164883525AF4AAF00BCE720 /* MemoProject.app */;
			productType = "com.apple.product-type.application";
		};
/* End PBXNativeTarget section */

/* Begin PBXProject section */
		D164882D25AF4AAF00BCE720 /* Project object */ = {
			isa = PBXProject;
			attributes = {
				LastSwiftUpdateCheck = 1230;
				LastUpgradeCheck = 1230;
				TargetAttributes = {
					D164883425AF4AAF00BCE720 = {
						CreatedOnToolsVersion = 12.3;
					};
				};
			};
			buildConfigurationList = D164883025AF4AAF00BCE720 /* Build configuration list for PBXProject "MemoProject" */;
			compatibilityVersion = "Xcode 9.3";
			developmentRegion = en;
			hasScannedForEncodings = 0;
			knownRegions = (
				en,
				Base,
			);
			mainGroup = D164882C25AF4AAF00BCE720;
			productRefGroup = D164883625AF4AAF00BCE720 /* Products */;
			projectDirPath = "";
			projectRoot = "";
			targets = (
				D164883425AF4AAF00BCE720 /* MemoProject */,
			);
		};
/* End PBXProject section */

/* Begin PBXResourcesBuildPhase section */
		D164883325AF4AAF00BCE720 /* Resources */ = {
			isa = PBXResourcesBuildPhase;
			buildActionMask = 2147483647;
			files = (
				D164884825AF4AB200BCE720 /* LaunchScreen.storyboard in Resources */,
				D164884525AF4AB200BCE720 /* Assets.xcassets in Resources */,
				D164884025AF4AAF00BCE720 /* Main.storyboard in Resources */,
			);
			runOnlyForDeploymentPostprocessing = 0;
		};
/* End PBXResourcesBuildPhase section */

/* Begin PBXSourcesBuildPhase section */
		D164883125AF4AAF00BCE720 /* Sources */ = {
			isa = PBXSourcesBuildPhase;
			buildActionMask = 2147483647;
			files = (
				D164884325AF4AAF00BCE720 /* Model.xcdatamodeld in Sources */,
				D164883925AF4AAF00BCE720 /* AppDelegate.swift in Sources */,
				D1C9006F25B2F78E0030B107 /* MemoListTableViewController.swift in Sources */,
				D16FC5DB25B424F1001F1483 /* MemoData+CoreDataProperties.swift in Sources */,
				D16FC5DA25B424F1001F1483 /* MemoData+CoreDataClass.swift in Sources */,
				D164883B25AF4AAF00BCE720 /* SceneDelegate.swift in Sources */,
				D1C9007325B3166D0030B107 /* CreateMemoViewController.swift in Sources */,
				D1C9006C25B2F5680030B107 /* Model.swift in Sources */,
				D16FC5E125B4280F001F1483 /* CoreDataManager.swift in Sources */,
				D1C9007625B31C400030B107 /* DetailViewController.swift in Sources */,
			);
			runOnlyForDeploymentPostprocessing = 0;
		};
/* End PBXSourcesBuildPhase section */

/* Begin PBXVariantGroup section */
		D164883E25AF4AAF00BCE720 /* Main.storyboard */ = {
			isa = PBXVariantGroup;
			children = (
				D164883F25AF4AAF00BCE720 /* Base */,
			);
			name = Main.storyboard;
			sourceTree = "<group>";
		};
		D164884625AF4AB200BCE720 /* LaunchScreen.storyboard */ = {
			isa = PBXVariantGroup;
			children = (
				D164884725AF4AB200BCE720 /* Base */,
			);
			name = LaunchScreen.storyboard;
			sourceTree = "<group>";
		};
/* End PBXVariantGroup section */

/* Begin XCBuildConfiguration section */
		D164884A25AF4AB200BCE720 /* Debug */ = {
			isa = XCBuildConfiguration;
			buildSettings = {
				ALWAYS_SEARCH_USER_PATHS = NO;
				CLANG_ANALYZER_NONNULL = YES;
				CLANG_ANALYZER_NUMBER_OBJECT_CONVERSION = YES_AGGRESSIVE;
				CLANG_CXX_LANGUAGE_STANDARD = "gnu++14";
				CLANG_CXX_LIBRARY = "libc++";
				CLANG_ENABLE_MODULES = YES;
				CLANG_ENABLE_OBJC_ARC = YES;
				CLANG_ENABLE_OBJC_WEAK = YES;
				CLANG_WARN_BLOCK_CAPTURE_AUTORELEASING = YES;
				CLANG_WARN_BOOL_CONVERSION = YES;
				CLANG_WARN_COMMA = YES;
				CLANG_WARN_CONSTANT_CONVERSION = YES;
				CLANG_WARN_DEPRECATED_OBJC_IMPLEMENTATIONS = YES;
				CLANG_WARN_DIRECT_OBJC_ISA_USAGE = YES_ERROR;
				CLANG_WARN_DOCUMENTATION_COMMENTS = YES;
				CLANG_WARN_EMPTY_BODY = YES;
				CLANG_WARN_ENUM_CONVERSION = YES;
				CLANG_WARN_INFINITE_RECURSION = YES;
				CLANG_WARN_INT_CONVERSION = YES;
				CLANG_WARN_NON_LITERAL_NULL_CONVERSION = YES;
				CLANG_WARN_OBJC_IMPLICIT_RETAIN_SELF = YES;
				CLANG_WARN_OBJC_LITERAL_CONVERSION = YES;
				CLANG_WARN_OBJC_ROOT_CLASS = YES_ERROR;
				CLANG_WARN_QUOTED_INCLUDE_IN_FRAMEWORK_HEADER = YES;
				CLANG_WARN_RANGE_LOOP_ANALYSIS = YES;
				CLANG_WARN_STRICT_PROTOTYPES = YES;
				CLANG_WARN_SUSPICIOUS_MOVE = YES;
				CLANG_WARN_UNGUARDED_AVAILABILITY = YES_AGGRESSIVE;
				CLANG_WARN_UNREACHABLE_CODE = YES;
				CLANG_WARN__DUPLICATE_METHOD_MATCH = YES;
				COPY_PHASE_STRIP = NO;
				DEBUG_INFORMATION_FORMAT = dwarf;
				ENABLE_STRICT_OBJC_MSGSEND = YES;
				ENABLE_TESTABILITY = YES;
				GCC_C_LANGUAGE_STANDARD = gnu11;
				GCC_DYNAMIC_NO_PIC = NO;
				GCC_NO_COMMON_BLOCKS = YES;
				GCC_OPTIMIZATION_LEVEL = 0;
				GCC_PREPROCESSOR_DEFINITIONS = (
					"DEBUG=1",
					"$(inherited)",
				);
				GCC_WARN_64_TO_32_BIT_CONVERSION = YES;
				GCC_WARN_ABOUT_RETURN_TYPE = YES_ERROR;
				GCC_WARN_UNDECLARED_SELECTOR = YES;
				GCC_WARN_UNINITIALIZED_AUTOS = YES_AGGRESSIVE;
				GCC_WARN_UNUSED_FUNCTION = YES;
				GCC_WARN_UNUSED_VARIABLE = YES;
				IPHONEOS_DEPLOYMENT_TARGET = 14.3;
				MTL_ENABLE_DEBUG_INFO = INCLUDE_SOURCE;
				MTL_FAST_MATH = YES;
				ONLY_ACTIVE_ARCH = YES;
				SDKROOT = iphoneos;
				SWIFT_ACTIVE_COMPILATION_CONDITIONS = DEBUG;
				SWIFT_OPTIMIZATION_LEVEL = "-Onone";
			};
			name = Debug;
		};
		D164884B25AF4AB200BCE720 /* Release */ = {
			isa = XCBuildConfiguration;
			buildSettings = {
				ALWAYS_SEARCH_USER_PATHS = NO;
				CLANG_ANALYZER_NONNULL = YES;
				CLANG_ANALYZER_NUMBER_OBJECT_CONVERSION = YES_AGGRESSIVE;
				CLANG_CXX_LANGUAGE_STANDARD = "gnu++14";
				CLANG_CXX_LIBRARY = "libc++";
				CLANG_ENABLE_MODULES = YES;
				CLANG_ENABLE_OBJC_ARC = YES;
				CLANG_ENABLE_OBJC_WEAK = YES;
				CLANG_WARN_BLOCK_CAPTURE_AUTORELEASING = YES;
				CLANG_WARN_BOOL_CONVERSION = YES;
				CLANG_WARN_COMMA = YES;
				CLANG_WARN_CONSTANT_CONVERSION = YES;
				CLANG_WARN_DEPRECATED_OBJC_IMPLEMENTATIONS = YES;
				CLANG_WARN_DIRECT_OBJC_ISA_USAGE = YES_ERROR;
				CLANG_WARN_DOCUMENTATION_COMMENTS = YES;
				CLANG_WARN_EMPTY_BODY = YES;
				CLANG_WARN_ENUM_CONVERSION = YES;
				CLANG_WARN_INFINITE_RECURSION = YES;
				CLANG_WARN_INT_CONVERSION = YES;
				CLANG_WARN_NON_LITERAL_NULL_CONVERSION = YES;
				CLANG_WARN_OBJC_IMPLICIT_RETAIN_SELF = YES;
				CLANG_WARN_OBJC_LITERAL_CONVERSION = YES;
				CLANG_WARN_OBJC_ROOT_CLASS = YES_ERROR;
				CLANG_WARN_QUOTED_INCLUDE_IN_FRAMEWORK_HEADER = YES;
				CLANG_WARN_RANGE_LOOP_ANALYSIS = YES;
				CLANG_WARN_STRICT_PROTOTYPES = YES;
				CLANG_WARN_SUSPICIOUS_MOVE = YES;
				CLANG_WARN_UNGUARDED_AVAILABILITY = YES_AGGRESSIVE;
				CLANG_WARN_UNREACHABLE_CODE = YES;
				CLANG_WARN__DUPLICATE_METHOD_MATCH = YES;
				COPY_PHASE_STRIP = NO;
				DEBUG_INFORMATION_FORMAT = "dwarf-with-dsym";
				ENABLE_NS_ASSERTIONS = NO;
				ENABLE_STRICT_OBJC_MSGSEND = YES;
				GCC_C_LANGUAGE_STANDARD = gnu11;
				GCC_NO_COMMON_BLOCKS = YES;
				GCC_WARN_64_TO_32_BIT_CONVERSION = YES;
				GCC_WARN_ABOUT_RETURN_TYPE = YES_ERROR;
				GCC_WARN_UNDECLARED_SELECTOR = YES;
				GCC_WARN_UNINITIALIZED_AUTOS = YES_AGGRESSIVE;
				GCC_WARN_UNUSED_FUNCTION = YES;
				GCC_WARN_UNUSED_VARIABLE = YES;
				IPHONEOS_DEPLOYMENT_TARGET = 14.3;
				MTL_ENABLE_DEBUG_INFO = NO;
				MTL_FAST_MATH = YES;
				SDKROOT = iphoneos;
				SWIFT_COMPILATION_MODE = wholemodule;
				SWIFT_OPTIMIZATION_LEVEL = "-O";
				VALIDATE_PRODUCT = YES;
			};
			name = Release;
		};
		D164884D25AF4AB200BCE720 /* Debug */ = {
			isa = XCBuildConfiguration;
			buildSettings = {
				ASSETCATALOG_COMPILER_APPICON_NAME = AppIcon;
				ASSETCATALOG_COMPILER_GLOBAL_ACCENT_COLOR_NAME = AccentColor;
				CODE_SIGN_STYLE = Automatic;
				DEVELOPMENT_TEAM = HU86N788J6;
				INFOPLIST_FILE = MemoProject/Info.plist;
				LD_RUNPATH_SEARCH_PATHS = (
					"$(inherited)",
					"@executable_path/Frameworks",
				);
				PRODUCT_BUNDLE_IDENTIFIER = kr.xoul.MemoProject;
				PRODUCT_NAME = "$(TARGET_NAME)";
				SWIFT_VERSION = 5.0;
				TARGETED_DEVICE_FAMILY = "1,2";
			};
			name = Debug;
		};
		D164884E25AF4AB200BCE720 /* Release */ = {
			isa = XCBuildConfiguration;
			buildSettings = {
				ASSETCATALOG_COMPILER_APPICON_NAME = AppIcon;
				ASSETCATALOG_COMPILER_GLOBAL_ACCENT_COLOR_NAME = AccentColor;
				CODE_SIGN_STYLE = Automatic;
				DEVELOPMENT_TEAM = HU86N788J6;
				INFOPLIST_FILE = MemoProject/Info.plist;
				LD_RUNPATH_SEARCH_PATHS = (
					"$(inherited)",
					"@executable_path/Frameworks",
				);
				PRODUCT_BUNDLE_IDENTIFIER = kr.xoul.MemoProject;
				PRODUCT_NAME = "$(TARGET_NAME)";
				SWIFT_VERSION = 5.0;
				TARGETED_DEVICE_FAMILY = "1,2";
			};
			name = Release;
		};
/* End XCBuildConfiguration section */

/* Begin XCConfigurationList section */
		D164883025AF4AAF00BCE720 /* Build configuration list for PBXProject "MemoProject" */ = {
			isa = XCConfigurationList;
			buildConfigurations = (
				D164884A25AF4AB200BCE720 /* Debug */,
				D164884B25AF4AB200BCE720 /* Release */,
			);
			defaultConfigurationIsVisible = 0;
			defaultConfigurationName = Release;
		};
		D164884C25AF4AB200BCE720 /* Build configuration list for PBXNativeTarget "MemoProject" */ = {
			isa = XCConfigurationList;
			buildConfigurations = (
				D164884D25AF4AB200BCE720 /* Debug */,
				D164884E25AF4AB200BCE720 /* Release */,
			);
			defaultConfigurationIsVisible = 0;
			defaultConfigurationName = Release;
		};
/* End XCConfigurationList section */

/* Begin XCVersionGroup section */
		D164884125AF4AAF00BCE720 /* Model.xcdatamodeld */ = {
			isa = XCVersionGroup;
			children = (
				D164884225AF4AAF00BCE720 /* MemoProject.xcdatamodel */,
			);
			currentVersion = D164884225AF4AAF00BCE720 /* MemoProject.xcdatamodel */;
			path = Model.xcdatamodeld;
			sourceTree = "<group>";
			versionGroupType = wrapper.xcdatamodel;
		};
/* End XCVersionGroup section */
	};
	rootObject = D164882D25AF4AAF00BCE720 /* Project object */;
}
